
Microsoft Visual Studio Solution File, Format Version 12.00
# Visual Studio Version 16
VisualStudioVersion = 16.0.31112.23
MinimumVisualStudioVersion = 10.0.40219.1
Project("{2150E333-8FDC-42A3-9474-1A3956D46DE8}") = "Faces", "Faces", "{96839B3E-F137-4742-A821-3BA2715C5A7D}"
EndProject
Project("{9A19103F-16F7-4668-BE54-9A1E7A4F7556}") = "FacesApi", "Faces\FacesApi\FacesApi.csproj", "{50C1567A-8307-4DBC-A3C5-D9EA6A511B71}"
EndProject
Project("{9A19103F-16F7-4668-BE54-9A1E7A4F7556}") = "FaceApiTest", "Faces\FaceApiTest\FaceApiTest.csproj", "{F2435C67-3BDC-4DD9-9C3B-9D49A4390A22}"
EndProject
Global
	GlobalSection(SolutionConfigurationPlatforms) = preSolution
		Debug|Any CPU = Debug|Any CPU
		Release|Any CPU = Release|Any CPU
	EndGlobalSection
	GlobalSection(ProjectConfigurationPlatforms) = postSolution
		{50C1567A-8307-4DBC-A3C5-D9EA6A511B71}.Debug|Any CPU.ActiveCfg = Debug|Any CPU
		{50C1567A-8307-4DBC-A3C5-D9EA6A511B71}.Debug|Any CPU.Build.0 = Debug|Any CPU
		{50C1567A-8307-4DBC-A3C5-D9EA6A511B71}.Release|Any CPU.ActiveCfg = Release|Any CPU
		{50C1567A-8307-4DBC-A3C5-D9EA6A511B71}.Release|Any CPU.Build.0 = Release|Any CPU
		{F2435C67-3BDC-4DD9-9C3B-9D49A4390A22}.Debug|Any CPU.ActiveCfg = Debug|Any CPU
		{F2435C67-3BDC-4DD9-9C3B-9D49A4390A22}.Debug|Any CPU.Build.0 = Debug|Any CPU
		{F2435C67-3BDC-4DD9-9C3B-9D49A4390A22}.Release|Any CPU.ActiveCfg = Release|Any CPU
		{F2435C67-3BDC-4DD9-9C3B-9D49A4390A22}.Release|Any CPU.Build.0 = Release|Any CPU
	EndGlobalSection
	GlobalSection(SolutionProperties) = preSolution
		HideSolutionNode = FALSE
	EndGlobalSection
	GlobalSection(NestedProjects) = preSolution
		{50C1567A-8307-4DBC-A3C5-D9EA6A511B71} = {96839B3E-F137-4742-A821-3BA2715C5A7D}
		{F2435C67-3BDC-4DD9-9C3B-9D49A4390A22} = {96839B3E-F137-4742-A821-3BA2715C5A7D}
	EndGlobalSection
	GlobalSection(ExtensibilityGlobals) = postSolution
		SolutionGuid = {3DDA9D14-5A8E-4F97-A256-FDEA76567999}
	EndGlobalSection
EndGlobal
